
Microsoft Visual Studio Solution File, Format Version 12.00
# Visual Studio Version 16
VisualStudioVersion = 16.0.31112.23
MinimumVisualStudioVersion = 10.0.40219.1
Project("{9A19103F-16F7-4668-BE54-9A1E7A4F7556}") = "EiwmModel", "EiwmModel\EiwmModel.csproj", "{42DD7F71-15BE-4037-BE8F-DB5F66AAD811}"
EndProject
Project("{9A19103F-16F7-4668-BE54-9A1E7A4F7556}") = "TestingProject", "TestingProject\TestingProject.csproj", "{C50D30D5-5237-4CF9-A5FA-EE4C452601DB}"
EndProject
Project("{FAE04EC0-301F-11D3-BF4B-00C04F79EFBC}") = "ComparingEngine", "ComparingEngine\ComparingEngine.csproj", "{37B83641-1C54-4906-9C92-DC07BCDABBCD}"
EndProject
Global
	GlobalSection(SolutionConfigurationPlatforms) = preSolution
		Debug|Any CPU = Debug|Any CPU
		Release|Any CPU = Release|Any CPU
	EndGlobalSection
	GlobalSection(ProjectConfigurationPlatforms) = postSolution
		{42DD7F71-15BE-4037-BE8F-DB5F66AAD811}.Debug|Any CPU.ActiveCfg = Debug|Any CPU
		{42DD7F71-15BE-4037-BE8F-DB5F66AAD811}.Debug|Any CPU.Build.0 = Debug|Any CPU
		{42DD7F71-15BE-4037-BE8F-DB5F66AAD811}.Release|Any CPU.ActiveCfg = Release|Any CPU
		{42DD7F71-15BE-4037-BE8F-DB5F66AAD811}.Release|Any CPU.Build.0 = Release|Any CPU
		{C50D30D5-5237-4CF9-A5FA-EE4C452601DB}.Debug|Any CPU.ActiveCfg = Debug|Any CPU
		{C50D30D5-5237-4CF9-A5FA-EE4C452601DB}.Debug|Any CPU.Build.0 = Debug|Any CPU
		{C50D30D5-5237-4CF9-A5FA-EE4C452601DB}.Release|Any CPU.ActiveCfg = Release|Any CPU
		{C50D30D5-5237-4CF9-A5FA-EE4C452601DB}.Release|Any CPU.Build.0 = Release|Any CPU
		{37B83641-1C54-4906-9C92-DC07BCDABBCD}.Debug|Any CPU.ActiveCfg = Debug|Any CPU
		{37B83641-1C54-4906-9C92-DC07BCDABBCD}.Debug|Any CPU.Build.0 = Debug|Any CPU
		{37B83641-1C54-4906-9C92-DC07BCDABBCD}.Release|Any CPU.ActiveCfg = Release|Any CPU
		{37B83641-1C54-4906-9C92-DC07BCDABBCD}.Release|Any CPU.Build.0 = Release|Any CPU
	EndGlobalSection
	GlobalSection(SolutionProperties) = preSolution
		HideSolutionNode = FALSE
	EndGlobalSection
	GlobalSection(ExtensibilityGlobals) = postSolution
		SolutionGuid = {CDDCEC12-A9BE-4258-991D-90B621B3CAD4}
	EndGlobalSection
EndGlobal
